{
  "name": "paper-animate",
  "version": "1.0.0",
  "lockfileVersion": 3,
  "requires": true,
  "packages": {
    "": {
      "name": "paper-animate",
      "version": "1.0.0",
      "license": "ISC",
      "dependencies": {
        "paper": "^0.12.18"
      }
    },
    "node_modules/paper": {
      "version": "0.12.18",
      "resolved": "https://registry.npmjs.org/paper/-/paper-0.12.18.tgz",
      "integrity": "sha512-ZSLIEejQTJZuYHhSSqAf4jXOnii0kPhCJGAnYAANtdS72aNwXJ9cP95tZHgq1tnNpvEwgQhggy+4OarviqTCGw==",
      "workspaces": [
        "packages/*"
      ],
      "engines": {
        "node": ">=8.0.0"
      }
    }
  }
}
